
Microsoft Visual Studio Solution File, Format Version 12.00
# Visual Studio Version 16
VisualStudioVersion = 16.0.29519.181
MinimumVisualStudioVersion = 10.0.40219.1
Project("{FAE04EC0-301F-11D3-BF4B-00C04F79EFBC}") = "Bio-Tourist", "Bio-Tourist\Bio-Tourist.csproj", "{CAD9A351-E639-4308-B7EA-3EE36695E708}"
EndProject
Global
	GlobalSection(SolutionConfigurationPlatforms) = preSolution
		Debug|Any CPU = Debug|Any CPU
		Release|Any CPU = Release|Any CPU
	EndGlobalSection
	GlobalSection(ProjectConfigurationPlatforms) = postSolution
		{CAD9A351-E639-4308-B7EA-3EE36695E708}.Debug|Any CPU.ActiveCfg = Debug|Any CPU
		{CAD9A351-E639-4308-B7EA-3EE36695E708}.Debug|Any CPU.Build.0 = Debug|Any CPU
		{CAD9A351-E639-4308-B7EA-3EE36695E708}.Release|Any CPU.ActiveCfg = Release|Any CPU
		{CAD9A351-E639-4308-B7EA-3EE36695E708}.Release|Any CPU.Build.0 = Release|Any CPU
	EndGlobalSection
	GlobalSection(SolutionProperties) = preSolution
		HideSolutionNode = FALSE
	EndGlobalSection
	GlobalSection(ExtensibilityGlobals) = postSolution
		SolutionGuid = {EDB05CF8-29D5-4D7A-88AC-ED71987AD961}
	EndGlobalSection
EndGlobal
